
Microsoft Visual Studio Solution File, Format Version 11.00
# Visual Studio 2010
Project("{FAE04EC0-301F-11D3-BF4B-00C04F79EFBC}") = "SimplePhotoGallery", "SimplePhotoGallery\SimplePhotoGallery.csproj", "{AFE3CA37-AF74-4E8C-8CC8-91D0FBA6C6FF}"
EndProject
Project("{FAE04EC0-301F-11D3-BF4B-00C04F79EFBC}") = "SimplePhotoGallery.Tests", "SimplePhotoGallery.Tests\SimplePhotoGallery.Tests.csproj", "{36455A62-2D55-495A-9CFF-C2EEE7899DDD}"
EndProject
Project("{FAE04EC0-301F-11D3-BF4B-00C04F79EFBC}") = "SimplePhotoGallery.Core", "SimplePhotoGallery.Core\SimplePhotoGallery.Core.csproj", "{600364C5-B62A-4982-AA1D-05C921460CF5}"
EndProject
Project("{2150E333-8FDC-42A3-9474-1A3956D46DE8}") = "Modules", "Modules", "{E62FE77C-1DE1-4866-8F28-920A776B1220}"
EndProject
Project("{FAE04EC0-301F-11D3-BF4B-00C04F79EFBC}") = "SimplePhotoGallery.GalleryModule", "SimplePhotoGallery.GalleryModule\SimplePhotoGallery.GalleryModule.csproj", "{C30A6284-2823-47F2-A83F-B923B06799EB}"
EndProject
Global
	GlobalSection(SolutionConfigurationPlatforms) = preSolution
		Debug|Any CPU = Debug|Any CPU
		Release|Any CPU = Release|Any CPU
	EndGlobalSection
	GlobalSection(ProjectConfigurationPlatforms) = postSolution
		{AFE3CA37-AF74-4E8C-8CC8-91D0FBA6C6FF}.Debug|Any CPU.ActiveCfg = Debug|Any CPU
		{AFE3CA37-AF74-4E8C-8CC8-91D0FBA6C6FF}.Debug|Any CPU.Build.0 = Debug|Any CPU
		{AFE3CA37-AF74-4E8C-8CC8-91D0FBA6C6FF}.Release|Any CPU.ActiveCfg = Release|Any CPU
		{AFE3CA37-AF74-4E8C-8CC8-91D0FBA6C6FF}.Release|Any CPU.Build.0 = Release|Any CPU
		{36455A62-2D55-495A-9CFF-C2EEE7899DDD}.Debug|Any CPU.ActiveCfg = Debug|Any CPU
		{36455A62-2D55-495A-9CFF-C2EEE7899DDD}.Debug|Any CPU.Build.0 = Debug|Any CPU
		{36455A62-2D55-495A-9CFF-C2EEE7899DDD}.Release|Any CPU.ActiveCfg = Release|Any CPU
		{36455A62-2D55-495A-9CFF-C2EEE7899DDD}.Release|Any CPU.Build.0 = Release|Any CPU
		{600364C5-B62A-4982-AA1D-05C921460CF5}.Debug|Any CPU.ActiveCfg = Debug|Any CPU
		{600364C5-B62A-4982-AA1D-05C921460CF5}.Debug|Any CPU.Build.0 = Debug|Any CPU
		{600364C5-B62A-4982-AA1D-05C921460CF5}.Release|Any CPU.ActiveCfg = Release|Any CPU
		{600364C5-B62A-4982-AA1D-05C921460CF5}.Release|Any CPU.Build.0 = Release|Any CPU
		{C30A6284-2823-47F2-A83F-B923B06799EB}.Debug|Any CPU.ActiveCfg = Debug|Any CPU
		{C30A6284-2823-47F2-A83F-B923B06799EB}.Debug|Any CPU.Build.0 = Debug|Any CPU
		{C30A6284-2823-47F2-A83F-B923B06799EB}.Release|Any CPU.ActiveCfg = Release|Any CPU
		{C30A6284-2823-47F2-A83F-B923B06799EB}.Release|Any CPU.Build.0 = Release|Any CPU
	EndGlobalSection
	GlobalSection(SolutionProperties) = preSolution
		HideSolutionNode = FALSE
	EndGlobalSection
	GlobalSection(NestedProjects) = preSolution
		{C30A6284-2823-47F2-A83F-B923B06799EB} = {E62FE77C-1DE1-4866-8F28-920A776B1220}
	EndGlobalSection
EndGlobal
